{
  "name": "@cpt/capacity-planning-simulation-pe-repository",
  "version": "0.0.900",
  "lockfileVersion": 1,
  "requires": true,
  "dependencies": {
    "@cpt/capacity-planning-simulation-types": {
      "version": "0.0.900",
      "resolved": "http://npmcache.aeg.cloud/@cpt%2fcapacity-planning-simulation-types/-/capacity-planning-simulation-types-0.0.900.tgz",
      "integrity": "sha512-mBZsqggcX2vOjKSReojuGr6l2IQmtFR8cW4ao77rGFUez9UEhWLF3uejHWLsJH8mT065aUZWtriuNW7D1vhoMA==",
      "dev": true
    },
    "typescript": {
      "version": "3.3.3",
      "resolved": "https://registry.npmjs.org/typescript/-/typescript-3.3.3.tgz",
      "integrity": "sha512-Y21Xqe54TBVp+VDSNbuDYdGw0BpoR/Q6wo/+35M8PAU0vipahnyduJWirxxdxjsAkS7hue53x2zp8gz7F05u0A==",
      "dev": true
    }
  }
}
